
Microsoft Visual Studio Solution File, Format Version 12.00
# Visual Studio Version 17
VisualStudioVersion = 17.5.33516.290
MinimumVisualStudioVersion = 10.0.40219.1
Project("{FAE04EC0-301F-11D3-BF4B-00C04F79EFBC}") = "WinFormsApp1", "WinFormsApp1\WinFormsApp1.csproj", "{6AA98529-39B0-429B-AB93-D6D90A103CF1}"
EndProject
Global
	GlobalSection(SolutionConfigurationPlatforms) = preSolution
		Debug|Any CPU = Debug|Any CPU
		Release|Any CPU = Release|Any CPU
	EndGlobalSection
	GlobalSection(ProjectConfigurationPlatforms) = postSolution
		{6AA98529-39B0-429B-AB93-D6D90A103CF1}.Debug|Any CPU.ActiveCfg = Debug|Any CPU
		{6AA98529-39B0-429B-AB93-D6D90A103CF1}.Debug|Any CPU.Build.0 = Debug|Any CPU
		{6AA98529-39B0-429B-AB93-D6D90A103CF1}.Release|Any CPU.ActiveCfg = Release|Any CPU
		{6AA98529-39B0-429B-AB93-D6D90A103CF1}.Release|Any CPU.Build.0 = Release|Any CPU
	EndGlobalSection
	GlobalSection(SolutionProperties) = preSolution
		HideSolutionNode = FALSE
	EndGlobalSection
	GlobalSection(ExtensibilityGlobals) = postSolution
		SolutionGuid = {B1FF8985-12E9-44B0-A153-DDDE055438B4}
	EndGlobalSection
EndGlobal
